
Microsoft Visual Studio Solution File, Format Version 12.00
# Visual Studio Version 16
VisualStudioVersion = 16.0.29519.87
MinimumVisualStudioVersion = 10.0.40219.1
Project("{FAE04EC0-301F-11D3-BF4B-00C04F79EFBC}") = "GameProjectOne", "GameProjectOne\GameProjectOne.csproj", "{1A5E0BAC-FC9F-4FDF-9CDD-FF57BC024ABE}"
EndProject
Global
	GlobalSection(SolutionConfigurationPlatforms) = preSolution
		Debug|Any CPU = Debug|Any CPU
		Release|Any CPU = Release|Any CPU
	EndGlobalSection
	GlobalSection(ProjectConfigurationPlatforms) = postSolution
		{1A5E0BAC-FC9F-4FDF-9CDD-FF57BC024ABE}.Debug|Any CPU.ActiveCfg = Debug|Any CPU
		{1A5E0BAC-FC9F-4FDF-9CDD-FF57BC024ABE}.Debug|Any CPU.Build.0 = Debug|Any CPU
		{1A5E0BAC-FC9F-4FDF-9CDD-FF57BC024ABE}.Release|Any CPU.ActiveCfg = Release|Any CPU
		{1A5E0BAC-FC9F-4FDF-9CDD-FF57BC024ABE}.Release|Any CPU.Build.0 = Release|Any CPU
	EndGlobalSection
	GlobalSection(SolutionProperties) = preSolution
		HideSolutionNode = FALSE
	EndGlobalSection
	GlobalSection(ExtensibilityGlobals) = postSolution
		SolutionGuid = {FC4F4E06-8D21-4139-BEF0-B4A3C607C804}
	EndGlobalSection
EndGlobal
